
Microsoft Visual Studio Solution File, Format Version 12.00
# Visual Studio Version 16
VisualStudioVersion = 16.0.31624.102
MinimumVisualStudioVersion = 10.0.40219.1
Project("{FAE04EC0-301F-11D3-BF4B-00C04F79EFBC}") = "ManageDatabase", "ManageDatabase\ManageDatabase.csproj", "{ADB6D1CC-A167-40B3-8988-49EFB464E48A}"
EndProject
Global
	GlobalSection(SolutionConfigurationPlatforms) = preSolution
		Debug|Any CPU = Debug|Any CPU
		Release|Any CPU = Release|Any CPU
	EndGlobalSection
	GlobalSection(ProjectConfigurationPlatforms) = postSolution
		{ADB6D1CC-A167-40B3-8988-49EFB464E48A}.Debug|Any CPU.ActiveCfg = Debug|Any CPU
		{ADB6D1CC-A167-40B3-8988-49EFB464E48A}.Debug|Any CPU.Build.0 = Debug|Any CPU
		{ADB6D1CC-A167-40B3-8988-49EFB464E48A}.Release|Any CPU.ActiveCfg = Release|Any CPU
		{ADB6D1CC-A167-40B3-8988-49EFB464E48A}.Release|Any CPU.Build.0 = Release|Any CPU
	EndGlobalSection
	GlobalSection(SolutionProperties) = preSolution
		HideSolutionNode = FALSE
	EndGlobalSection
	GlobalSection(ExtensibilityGlobals) = postSolution
		SolutionGuid = {1B92950A-6D2D-4AA6-9DE2-7D90A3A0C59A}
	EndGlobalSection
EndGlobal
